
Microsoft Visual Studio Solution File, Format Version 12.00
# Visual Studio Version 16
VisualStudioVersion = 16.0.32106.194
MinimumVisualStudioVersion = 10.0.40219.1
Project("{FAE04EC0-301F-11D3-BF4B-00C04F79EFBC}") = "Hirlea_Grigore2_Proiect", "Hirlea_Grigore2_Proiect.csproj", "{B9DE3265-0230-4E08-AAAE-B00585364E83}"
EndProject
Global
	GlobalSection(SolutionConfigurationPlatforms) = preSolution
		Debug|Any CPU = Debug|Any CPU
		Release|Any CPU = Release|Any CPU
	EndGlobalSection
	GlobalSection(ProjectConfigurationPlatforms) = postSolution
		{B9DE3265-0230-4E08-AAAE-B00585364E83}.Debug|Any CPU.ActiveCfg = Debug|Any CPU
		{B9DE3265-0230-4E08-AAAE-B00585364E83}.Debug|Any CPU.Build.0 = Debug|Any CPU
		{B9DE3265-0230-4E08-AAAE-B00585364E83}.Release|Any CPU.ActiveCfg = Release|Any CPU
		{B9DE3265-0230-4E08-AAAE-B00585364E83}.Release|Any CPU.Build.0 = Release|Any CPU
	EndGlobalSection
	GlobalSection(SolutionProperties) = preSolution
		HideSolutionNode = FALSE
	EndGlobalSection
	GlobalSection(ExtensibilityGlobals) = postSolution
		SolutionGuid = {55D61D08-85D6-48AE-9C16-C29DD4982ED8}
	EndGlobalSection
EndGlobal
